
Microsoft Visual Studio Solution File, Format Version 12.00
# Visual Studio Version 16
VisualStudioVersion = 16.0.31410.357
MinimumVisualStudioVersion = 10.0.40219.1
Project("{FAE04EC0-301F-11D3-BF4B-00C04F79EFBC}") = "Carrier", "Carrier.csproj", "{0FC80524-2F59-44C1-B049-650B2BF28CF6}"
EndProject
Global
	GlobalSection(SolutionConfigurationPlatforms) = preSolution
		Debug|Any CPU = Debug|Any CPU
		Release|Any CPU = Release|Any CPU
	EndGlobalSection
	GlobalSection(ProjectConfigurationPlatforms) = postSolution
		{0FC80524-2F59-44C1-B049-650B2BF28CF6}.Debug|Any CPU.ActiveCfg = Debug|Any CPU
		{0FC80524-2F59-44C1-B049-650B2BF28CF6}.Debug|Any CPU.Build.0 = Debug|Any CPU
		{0FC80524-2F59-44C1-B049-650B2BF28CF6}.Release|Any CPU.ActiveCfg = Release|Any CPU
		{0FC80524-2F59-44C1-B049-650B2BF28CF6}.Release|Any CPU.Build.0 = Release|Any CPU
	EndGlobalSection
	GlobalSection(SolutionProperties) = preSolution
		HideSolutionNode = FALSE
	EndGlobalSection
	GlobalSection(ExtensibilityGlobals) = postSolution
		SolutionGuid = {AA233D8E-6430-4E42-8FD2-000797C89865}
	EndGlobalSection
EndGlobal
